// !$*UTF8*$!
{
	archiveVersion = 1;
	classes = {
	};
	objectVersion = 46;
	objects = {

/* Begin PBXBuildFile section */
		2AFEFDD71C857CED0003D77E /* OpenGL.framework in Frameworks */ = {isa = PBXBuildFile; fileRef = 2AFEFDD61C857CED0003D77E /* OpenGL.framework */; };
		2AFEFDD91C857CF30003D77E /* GLUT.framework in Frameworks */ = {isa = PBXBuildFile; fileRef = 2AFEFDD81C857CF30003D77E /* GLUT.framework */; };
		2AFEFDDC1C857DE50003D77E /* Tetris.cpp in Sources */ = {isa = PBXBuildFile; fileRef = 2AFEFDDA1C857DE50003D77E /* Tetris.cpp */; };
		2AFEFDE61C857FC90003D77E /* Game.cpp in Sources */ = {isa = PBXBuildFile; fileRef = 2AFEFDE41C857FC90003D77E /* Game.cpp */; };
		2AFEFDE91C8580550003D77E /* Block.cpp in Sources */ = {isa = PBXBuildFile; fileRef = 2AFEFDE71C8580550003D77E /* Block.cpp */; };
		2AFEFDEC1C87CB750003D77E /* Figure.cpp in Sources */ = {isa = PBXBuildFile; fileRef = 2AFEFDEB1C87CB750003D77E /* Figure.cpp */; };
/* End PBXBuildFile section */

/* Begin PBXCopyFilesBuildPhase section */
		2AFEFDCA1C857CBF0003D77E /* CopyFiles */ = {
			isa = PBXCopyFilesBuildPhase;
			buildActionMask = 2147483647;
			dstPath = /usr/share/man/man1/;
			dstSubfolderSpec = 0;
			files = (
			);
			runOnlyForDeploymentPostprocessing = 1;
		};
/* End PBXCopyFilesBuildPhase section */

/* Begin PBXFileReference section */
		2AFEFDCC1C857CBF0003D77E /* project2 */ = {isa = PBXFileReference; explicitFileType = "compiled.mach-o.executable"; includeInIndex = 0; path = project2; sourceTree = BUILT_PRODUCTS_DIR; };
		2AFEFDD61C857CED0003D77E /* OpenGL.framework */ = {isa = PBXFileReference; lastKnownFileType = wrapper.framework; name = OpenGL.framework; path = System/Library/Frameworks/OpenGL.framework; sourceTree = SDKROOT; };
		2AFEFDD81C857CF30003D77E /* GLUT.framework */ = {isa = PBXFileReference; lastKnownFileType = wrapper.framework; name = GLUT.framework; path = System/Library/Frameworks/GLUT.framework; sourceTree = SDKROOT; };
		2AFEFDDA1C857DE50003D77E /* Tetris.cpp */ = {isa = PBXFileReference; fileEncoding = 4; lastKnownFileType = sourcecode.cpp.cpp; path = Tetris.cpp; sourceTree = "<group>"; };
		2AFEFDDB1C857DE50003D77E /* Tetris.hpp */ = {isa = PBXFileReference; fileEncoding = 4; lastKnownFileType = sourcecode.cpp.h; path = Tetris.hpp; sourceTree = "<group>"; };
		2AFEFDE41C857FC90003D77E /* Game.cpp */ = {isa = PBXFileReference; fileEncoding = 4; lastKnownFileType = sourcecode.cpp.cpp; path = Game.cpp; sourceTree = "<group>"; };
		2AFEFDE71C8580550003D77E /* Block.cpp */ = {isa = PBXFileReference; fileEncoding = 4; lastKnownFileType = sourcecode.cpp.cpp; name = Block.cpp; path = ../Block.cpp; sourceTree = "<group>"; };
		2AFEFDEA1C85821E0003D77E /* Common.h */ = {isa = PBXFileReference; lastKnownFileType = sourcecode.c.h; path = Common.h; sourceTree = "<group>"; };
		2AFEFDEB1C87CB750003D77E /* Figure.cpp */ = {isa = PBXFileReference; fileEncoding = 4; lastKnownFileType = sourcecode.cpp.cpp; path = Figure.cpp; sourceTree = "<group>"; };
/* End PBXFileReference section */

/* Begin PBXFrameworksBuildPhase section */
		2AFEFDC91C857CBF0003D77E /* Frameworks */ = {
			isa = PBXFrameworksBuildPhase;
			buildActionMask = 2147483647;
			files = (
				2AFEFDD91C857CF30003D77E /* GLUT.framework in Frameworks */,
				2AFEFDD71C857CED0003D77E /* OpenGL.framework in Frameworks */,
			);
			runOnlyForDeploymentPostprocessing = 0;
		};
/* End PBXFrameworksBuildPhase section */

/* Begin PBXGroup section */
		2AFEFDC31C857CBF0003D77E = {
			isa = PBXGroup;
			children = (
				2AFEFDD81C857CF30003D77E /* GLUT.framework */,
				2AFEFDD61C857CED0003D77E /* OpenGL.framework */,
				2AFEFDCE1C857CBF0003D77E /* project2 */,
				2AFEFDCD1C857CBF0003D77E /* Products */,
			);
			sourceTree = "<group>";
		};
		2AFEFDCD1C857CBF0003D77E /* Products */ = {
			isa = PBXGroup;
			children = (
				2AFEFDCC1C857CBF0003D77E /* project2 */,
			);
			name = Products;
			sourceTree = "<group>";
		};
		2AFEFDCE1C857CBF0003D77E /* project2 */ = {
			isa = PBXGroup;
			children = (
				2AFEFDE71C8580550003D77E /* Block.cpp */,
				2AFEFDDA1C857DE50003D77E /* Tetris.cpp */,
				2AFEFDEB1C87CB750003D77E /* Figure.cpp */,
				2AFEFDE41C857FC90003D77E /* Game.cpp */,
				2AFEFDEA1C85821E0003D77E /* Common.h */,
				2AFEFDDB1C857DE50003D77E /* Tetris.hpp */,
			);
			path = project2;
			sourceTree = "<group>";
		};
/* End PBXGroup section */

/* Begin PBXNativeTarget section */
		2AFEFDCB1C857CBF0003D77E /* project2 */ = {
			isa = PBXNativeTarget;
			buildConfigurationList = 2AFEFDD31C857CBF0003D77E /* Build configuration list for PBXNativeTarget "project2" */;
			buildPhases = (
				2AFEFDC81C857CBF0003D77E /* Sources */,
				2AFEFDC91C857CBF0003D77E /* Frameworks */,
				2AFEFDCA1C857CBF0003D77E /* CopyFiles */,
			);
			buildRules = (
			);
			dependencies = (
			);
			name = project2;
			productName = project2;
			productReference = 2AFEFDCC1C857CBF0003D77E /* project2 */;
			productType = "com.apple.product-type.tool";
		};
/* End PBXNativeTarget section */

/* Begin PBXProject section */
		2AFEFDC41C857CBF0003D77E /* Project object */ = {
			isa = PBXProject;
			attributes = {
				LastUpgradeCheck = 0720;
				ORGANIZATIONNAME = gong;
				TargetAttributes = {
					2AFEFDCB1C857CBF0003D77E = {
						CreatedOnToolsVersion = 7.2.1;
					};
				};
			};
			buildConfigurationList = 2AFEFDC71C857CBF0003D77E /* Build configuration list for PBXProject "project2" */;
			compatibilityVersion = "Xcode 3.2";
			developmentRegion = English;
			hasScannedForEncodings = 0;
			knownRegions = (
				en,
			);
			mainGroup = 2AFEFDC31C857CBF0003D77E;
			productRefGroup = 2AFEFDCD1C857CBF0003D77E /* Products */;
			projectDirPath = "";
			projectRoot = "";
			targets = (
				2AFEFDCB1C857CBF0003D77E /* project2 */,
			);
		};
/* End PBXProject section */

/* Begin PBXSourcesBuildPhase section */
		2AFEFDC81C857CBF0003D77E /* Sources */ = {
			isa = PBXSourcesBuildPhase;
			buildActionMask = 2147483647;
			files = (
				2AFEFDDC1C857DE50003D77E /* Tetris.cpp in Sources */,
				2AFEFDEC1C87CB750003D77E /* Figure.cpp in Sources */,
				2AFEFDE91C8580550003D77E /* Block.cpp in Sources */,
				2AFEFDE61C857FC90003D77E /* Game.cpp in Sources */,
			);
			runOnlyForDeploymentPostprocessing = 0;
		};
/* End PBXSourcesBuildPhase section */

/* Begin XCBuildConfiguration section */
		2AFEFDD11C857CBF0003D77E /* Debug */ = {
			isa = XCBuildConfiguration;
			buildSettings = {
				ALWAYS_SEARCH_USER_PATHS = NO;
				CLANG_CXX_LANGUAGE_STANDARD = "gnu++0x";
				CLANG_CXX_LIBRARY = "libc++";
				CLANG_ENABLE_MODULES = YES;
				CLANG_ENABLE_OBJC_ARC = YES;
				CLANG_WARN_BOOL_CONVERSION = YES;
				CLANG_WARN_CONSTANT_CONVERSION = YES;
				CLANG_WARN_DIRECT_OBJC_ISA_USAGE = YES_ERROR;
				CLANG_WARN_EMPTY_BODY = YES;
				CLANG_WARN_ENUM_CONVERSION = YES;
				CLANG_WARN_INT_CONVERSION = YES;
				CLANG_WARN_OBJC_ROOT_CLASS = YES_ERROR;
				CLANG_WARN_UNREACHABLE_CODE = YES;
				CLANG_WARN__DUPLICATE_METHOD_MATCH = YES;
				CODE_SIGN_IDENTITY = "-";
				COPY_PHASE_STRIP = NO;
				DEBUG_INFORMATION_FORMAT = dwarf;
				ENABLE_STRICT_OBJC_MSGSEND = YES;
				ENABLE_TESTABILITY = YES;
				GCC_C_LANGUAGE_STANDARD = gnu99;
				GCC_DYNAMIC_NO_PIC = NO;
				GCC_NO_COMMON_BLOCKS = YES;
				GCC_OPTIMIZATION_LEVEL = 0;
				GCC_PREPROCESSOR_DEFINITIONS = (
					"DEBUG=1",
					"$(inherited)",
				);
				GCC_WARN_64_TO_32_BIT_CONVERSION = YES;
				GCC_WARN_ABOUT_RETURN_TYPE = YES_ERROR;
				GCC_WARN_UNDECLARED_SELECTOR = YES;
				GCC_WARN_UNINITIALIZED_AUTOS = YES_AGGRESSIVE;
				GCC_WARN_UNUSED_FUNCTION = YES;
				GCC_WARN_UNUSED_VARIABLE = YES;
				MACOSX_DEPLOYMENT_TARGET = 10.11;
				MTL_ENABLE_DEBUG_INFO = YES;
				ONLY_ACTIVE_ARCH = YES;
				SDKROOT = macosx;
			};
			name = Debug;
		};
		2AFEFDD21C857CBF0003D77E /* Release */ = {
			isa = XCBuildConfiguration;
			buildSettings = {
				ALWAYS_SEARCH_USER_PATHS = NO;
				CLANG_CXX_LANGUAGE_STANDARD = "gnu++0x";
				CLANG_CXX_LIBRARY = "libc++";
				CLANG_ENABLE_MODULES = YES;
				CLANG_ENABLE_OBJC_ARC = YES;
				CLANG_WARN_BOOL_CONVERSION = YES;
				CLANG_WARN_CONSTANT_CONVERSION = YES;
				CLANG_WARN_DIRECT_OBJC_ISA_USAGE = YES_ERROR;
				CLANG_WARN_EMPTY_BODY = YES;
				CLANG_WARN_ENUM_CONVERSION = YES;
				CLANG_WARN_INT_CONVERSION = YES;
				CLANG_WARN_OBJC_ROOT_CLASS = YES_ERROR;
				CLANG_WARN_UNREACHABLE_CODE = YES;
				CLANG_WARN__DUPLICATE_METHOD_MATCH = YES;
				CODE_SIGN_IDENTITY = "-";
				COPY_PHASE_STRIP = NO;
				DEBUG_INFORMATION_FORMAT = "dwarf-with-dsym";
				ENABLE_NS_ASSERTIONS = NO;
				ENABLE_STRICT_OBJC_MSGSEND = YES;
				GCC_C_LANGUAGE_STANDARD = gnu99;
				GCC_NO_COMMON_BLOCKS = YES;
				GCC_WARN_64_TO_32_BIT_CONVERSION = YES;
				GCC_WARN_ABOUT_RETURN_TYPE = YES_ERROR;
				GCC_WARN_UNDECLARED_SELECTOR = YES;
				GCC_WARN_UNINITIALIZED_AUTOS = YES_AGGRESSIVE;
				GCC_WARN_UNUSED_FUNCTION = YES;
				GCC_WARN_UNUSED_VARIABLE = YES;
				MACOSX_DEPLOYMENT_TARGET = 10.11;
				MTL_ENABLE_DEBUG_INFO = NO;
				SDKROOT = macosx;
			};
			name = Release;
		};
		2AFEFDD41C857CBF0003D77E /* Debug */ = {
			isa = XCBuildConfiguration;
			buildSettings = {
				PRODUCT_NAME = "$(TARGET_NAME)";
			};
			name = Debug;
		};
		2AFEFDD51C857CBF0003D77E /* Release */ = {
			isa = XCBuildConfiguration;
			buildSettings = {
				PRODUCT_NAME = "$(TARGET_NAME)";
			};
			name = Release;
		};
/* End XCBuildConfiguration section */

/* Begin XCConfigurationList section */
		2AFEFDC71C857CBF0003D77E /* Build configuration list for PBXProject "project2" */ = {
			isa = XCConfigurationList;
			buildConfigurations = (
				2AFEFDD11C857CBF0003D77E /* Debug */,
				2AFEFDD21C857CBF0003D77E /* Release */,
			);
			defaultConfigurationIsVisible = 0;
			defaultConfigurationName = Release;
		};
		2AFEFDD31C857CBF0003D77E /* Build configuration list for PBXNativeTarget "project2" */ = {
			isa = XCConfigurationList;
			buildConfigurations = (
				2AFEFDD41C857CBF0003D77E /* Debug */,
				2AFEFDD51C857CBF0003D77E /* Release */,
			);
			defaultConfigurationIsVisible = 0;
			defaultConfigurationName = Release;
		};
/* End XCConfigurationList section */
	};
	rootObject = 2AFEFDC41C857CBF0003D77E /* Project object */;
}
